
Microsoft Visual Studio Solution File, Format Version 12.00
# Visual Studio Version 16
VisualStudioVersion = 16.0.31613.86
MinimumVisualStudioVersion = 10.0.40219.1
Project("{FAE04EC0-301F-11D3-BF4B-00C04F79EFBC}") = "HeartBeatSimulation", "HeartBeatSimulation\HeartBeatSimulation.csproj", "{5194B811-0848-478A-8A71-E6760FC0EB55}"
EndProject
Global
	GlobalSection(SolutionConfigurationPlatforms) = preSolution
		Debug|Any CPU = Debug|Any CPU
		Release|Any CPU = Release|Any CPU
	EndGlobalSection
	GlobalSection(ProjectConfigurationPlatforms) = postSolution
		{5194B811-0848-478A-8A71-E6760FC0EB55}.Debug|Any CPU.ActiveCfg = Debug|Any CPU
		{5194B811-0848-478A-8A71-E6760FC0EB55}.Debug|Any CPU.Build.0 = Debug|Any CPU
		{5194B811-0848-478A-8A71-E6760FC0EB55}.Release|Any CPU.ActiveCfg = Release|Any CPU
		{5194B811-0848-478A-8A71-E6760FC0EB55}.Release|Any CPU.Build.0 = Release|Any CPU
	EndGlobalSection
	GlobalSection(SolutionProperties) = preSolution
		HideSolutionNode = FALSE
	EndGlobalSection
	GlobalSection(ExtensibilityGlobals) = postSolution
		SolutionGuid = {D9E39BC0-578A-4795-8934-3BF14603C128}
	EndGlobalSection
EndGlobal
